
Microsoft Visual Studio Solution File, Format Version 12.00
# Visual Studio Version 16
VisualStudioVersion = 16.0.32413.511
MinimumVisualStudioVersion = 10.0.40219.1
Project("{FAE04EC0-301F-11D3-BF4B-00C04F79EFBC}") = "LetsTalkBackend", "LetsTalkBackend.csproj", "{1EEBB6C1-A56C-4B87-8BF9-B6B01A9454E2}"
EndProject
Global
	GlobalSection(SolutionConfigurationPlatforms) = preSolution
		Debug|Any CPU = Debug|Any CPU
		Release|Any CPU = Release|Any CPU
	EndGlobalSection
	GlobalSection(ProjectConfigurationPlatforms) = postSolution
		{1EEBB6C1-A56C-4B87-8BF9-B6B01A9454E2}.Debug|Any CPU.ActiveCfg = Debug|Any CPU
		{1EEBB6C1-A56C-4B87-8BF9-B6B01A9454E2}.Debug|Any CPU.Build.0 = Debug|Any CPU
		{1EEBB6C1-A56C-4B87-8BF9-B6B01A9454E2}.Release|Any CPU.ActiveCfg = Release|Any CPU
		{1EEBB6C1-A56C-4B87-8BF9-B6B01A9454E2}.Release|Any CPU.Build.0 = Release|Any CPU
	EndGlobalSection
	GlobalSection(SolutionProperties) = preSolution
		HideSolutionNode = FALSE
	EndGlobalSection
	GlobalSection(ExtensibilityGlobals) = postSolution
		SolutionGuid = {B6A5A7BD-6365-4A96-9115-8ABE1AB209C0}
	EndGlobalSection
EndGlobal
